{
    "hash": "a544040d9df6f899fcf7e3ab65d5871f",
    "packages": [
        {
            "package": "symfony/css-selector",
            "version": "v2.1.0"
        }
    ],
    "packages-dev": null,
    "aliases": [

    ],
    "minimum-stability": "stable",
    "stability-flags": {
        "symfony/css-selector": 5
    }
}
